// !$*UTF8*$!
{
	archiveVersion = 1;
	classes = {
	};
	objectVersion = 50;
	objects = {

/* Begin PBXBuildFile section */
		0754038F24AF95E800C84E1B /* InroView.swift in Sources */ = {isa = PBXBuildFile; fileRef = 0754038E24AF95E800C84E1B /* InroView.swift */; };
		076877F924A6444100AC07A5 /* AppInteractor.swift in Sources */ = {isa = PBXBuildFile; fileRef = 076877F824A6444100AC07A5 /* AppInteractor.swift */; };
		076877FE24A64A6600AC07A5 /* TransactionListView.swift in Sources */ = {isa = PBXBuildFile; fileRef = 076877FD24A64A6600AC07A5 /* TransactionListView.swift */; };
		0787548E24ACBC6D00979C48 /* TransactionListState.swift in Sources */ = {isa = PBXBuildFile; fileRef = 0787548D24ACBC6D00979C48 /* TransactionListState.swift */; };
		0787549024ACBC7E00979C48 /* TransactionListInteractor.swift in Sources */ = {isa = PBXBuildFile; fileRef = 0787548F24ACBC7E00979C48 /* TransactionListInteractor.swift */; };
		0787549424ACBEBB00979C48 /* transactions.json in Resources */ = {isa = PBXBuildFile; fileRef = 0787549324ACBEBB00979C48 /* transactions.json */; };
		0787549624ACBED400979C48 /* TransactionsAPI.swift in Sources */ = {isa = PBXBuildFile; fileRef = 0787549524ACBED400979C48 /* TransactionsAPI.swift */; };
		0787549924ACBF1C00979C48 /* Models.swift in Sources */ = {isa = PBXBuildFile; fileRef = 0787549824ACBF1C00979C48 /* Models.swift */; };
		0787549B24AE3D1500979C48 /* TransactionsAPIMock.swift in Sources */ = {isa = PBXBuildFile; fileRef = 0787549A24AE3D1500979C48 /* TransactionsAPIMock.swift */; };
		0787549D24AE4DA900979C48 /* DateFormatter.swift in Sources */ = {isa = PBXBuildFile; fileRef = 0787549C24AE4DA900979C48 /* DateFormatter.swift */; };
		0787549F24AF7E4500979C48 /* ButtonStyle.swift in Sources */ = {isa = PBXBuildFile; fileRef = 0787549E24AF7E4500979C48 /* ButtonStyle.swift */; };
		078754A324AF8BB400979C48 /* TransactionDetailView.swift in Sources */ = {isa = PBXBuildFile; fileRef = 078754A224AF8BB400979C48 /* TransactionDetailView.swift */; };
		078754A524AF8BC800979C48 /* TransactionDetailState.swift in Sources */ = {isa = PBXBuildFile; fileRef = 078754A424AF8BC800979C48 /* TransactionDetailState.swift */; };
		078754A724AF8BD500979C48 /* TransactionDetailInteractor.swift in Sources */ = {isa = PBXBuildFile; fileRef = 078754A624AF8BD500979C48 /* TransactionDetailInteractor.swift */; };
		078754A924AF8D0E00979C48 /* LoadingView.swift in Sources */ = {isa = PBXBuildFile; fileRef = 078754A824AF8D0E00979C48 /* LoadingView.swift */; };
		078754AB24AF8DA200979C48 /* ErrorView.swift in Sources */ = {isa = PBXBuildFile; fileRef = 078754AA24AF8DA200979C48 /* ErrorView.swift */; };
		078754AD24AF8DDC00979C48 /* TransactionListItem.swift in Sources */ = {isa = PBXBuildFile; fileRef = 078754AC24AF8DDC00979C48 /* TransactionListItem.swift */; };
		078754B024AF920300979C48 /* TransactionHelpers.swift in Sources */ = {isa = PBXBuildFile; fileRef = 078754AF24AF920300979C48 /* TransactionHelpers.swift */; };
		07A5699024B21F6D00440CFC /* transactions_mock.json in Resources */ = {isa = PBXBuildFile; fileRef = 07A5698F24B21F6D00440CFC /* transactions_mock.json */; };
		07A5699424B220E500440CFC /* DateFormatterTests.swift in Sources */ = {isa = PBXBuildFile; fileRef = 07A5699324B220E500440CFC /* DateFormatterTests.swift */; };
		07A5699624B2210500440CFC /* ButtonStyleTests.swift in Sources */ = {isa = PBXBuildFile; fileRef = 07A5699524B2210500440CFC /* ButtonStyleTests.swift */; };
		07A5699824B2212C00440CFC /* TransactionsAPITests.swift in Sources */ = {isa = PBXBuildFile; fileRef = 07A5699724B2212C00440CFC /* TransactionsAPITests.swift */; };
		07A5699B24B2215900440CFC /* TransactionsAPIMockTests.swift in Sources */ = {isa = PBXBuildFile; fileRef = 07A5699A24B2215900440CFC /* TransactionsAPIMockTests.swift */; };
		07A5699D24B221A400440CFC /* TourViewInteractorTests.swift in Sources */ = {isa = PBXBuildFile; fileRef = 07A5699C24B221A400440CFC /* TourViewInteractorTests.swift */; };
		07A5699F24B221D100440CFC /* TourViewStateTests.swift in Sources */ = {isa = PBXBuildFile; fileRef = 07A5699E24B221D100440CFC /* TourViewStateTests.swift */; };
		07A569A124B2254400440CFC /* TransactionListInteractorTests.swift in Sources */ = {isa = PBXBuildFile; fileRef = 07A569A024B2254400440CFC /* TransactionListInteractorTests.swift */; };
		07A569A324B2256500440CFC /* TransactionListStateTests.swift in Sources */ = {isa = PBXBuildFile; fileRef = 07A569A224B2256500440CFC /* TransactionListStateTests.swift */; };
		07A569A524B2258400440CFC /* TransactionDetailInteractorTests.swift in Sources */ = {isa = PBXBuildFile; fileRef = 07A569A424B2258400440CFC /* TransactionDetailInteractorTests.swift */; };
		07A569A724B2259E00440CFC /* TransactionDetailStateTests.swift in Sources */ = {isa = PBXBuildFile; fileRef = 07A569A624B2259D00440CFC /* TransactionDetailStateTests.swift */; };
		07A569A924B225D600440CFC /* AppInteractorTests.swift in Sources */ = {isa = PBXBuildFile; fileRef = 07A569A824B225D600440CFC /* AppInteractorTests.swift */; };
		07A569AB24B225EB00440CFC /* AppStateTests.swift in Sources */ = {isa = PBXBuildFile; fileRef = 07A569AA24B225EB00440CFC /* AppStateTests.swift */; };
		07F3C03324A6572200004A21 /* Colors.swift in Sources */ = {isa = PBXBuildFile; fileRef = 07F3C03224A6572200004A21 /* Colors.swift */; };
		07F3C03524A65C0300004A21 /* TourViewState.swift in Sources */ = {isa = PBXBuildFile; fileRef = 07F3C03424A65C0300004A21 /* TourViewState.swift */; };
		07F3C03A24A7BC3800004A21 /* TourViewInteractor.swift in Sources */ = {isa = PBXBuildFile; fileRef = 07F3C03924A7BC3800004A21 /* TourViewInteractor.swift */; };
		07F3C03E24A8F21000004A21 /* AppView.swift in Sources */ = {isa = PBXBuildFile; fileRef = 07F3C03D24A8F21000004A21 /* AppView.swift */; };
		07F3C04024A8F26900004A21 /* AppState.swift in Sources */ = {isa = PBXBuildFile; fileRef = 07F3C03F24A8F26900004A21 /* AppState.swift */; };
		07F8894124A5F67100D922B0 /* TrialApp.swift in Sources */ = {isa = PBXBuildFile; fileRef = 07F8894024A5F67100D922B0 /* TrialApp.swift */; };
		07F8894324A5F67100D922B0 /* TourView.swift in Sources */ = {isa = PBXBuildFile; fileRef = 07F8894224A5F67100D922B0 /* TourView.swift */; };
		07F8894524A5F67300D922B0 /* Assets.xcassets in Resources */ = {isa = PBXBuildFile; fileRef = 07F8894424A5F67300D922B0 /* Assets.xcassets */; };
		07F8894824A5F67300D922B0 /* Preview Assets.xcassets in Resources */ = {isa = PBXBuildFile; fileRef = 07F8894724A5F67300D922B0 /* Preview Assets.xcassets */; };
		07F8895324A5F67300D922B0 /* TrialTests.swift in Sources */ = {isa = PBXBuildFile; fileRef = 07F8895224A5F67300D922B0 /* TrialTests.swift */; };
		07F8895E24A5F67300D922B0 /* TrialUITests.swift in Sources */ = {isa = PBXBuildFile; fileRef = 07F8895D24A5F67300D922B0 /* TrialUITests.swift */; };
/* End PBXBuildFile section */

/* Begin PBXContainerItemProxy section */
		07F8894F24A5F67300D922B0 /* PBXContainerItemProxy */ = {
			isa = PBXContainerItemProxy;
			containerPortal = 07F8893524A5F67100D922B0 /* Project object */;
			proxyType = 1;
			remoteGlobalIDString = 07F8893C24A5F67100D922B0;
			remoteInfo = Trial;
		};
		07F8895A24A5F67300D922B0 /* PBXContainerItemProxy */ = {
			isa = PBXContainerItemProxy;
			containerPortal = 07F8893524A5F67100D922B0 /* Project object */;
			proxyType = 1;
			remoteGlobalIDString = 07F8893C24A5F67100D922B0;
			remoteInfo = Trial;
		};
/* End PBXContainerItemProxy section */

/* Begin PBXFileReference section */
		0754038E24AF95E800C84E1B /* InroView.swift */ = {isa = PBXFileReference; lastKnownFileType = sourcecode.swift; path = InroView.swift; sourceTree = "<group>"; };
		076877F824A6444100AC07A5 /* AppInteractor.swift */ = {isa = PBXFileReference; lastKnownFileType = sourcecode.swift; path = AppInteractor.swift; sourceTree = "<group>"; };
		076877FD24A64A6600AC07A5 /* TransactionListView.swift */ = {isa = PBXFileReference; lastKnownFileType = sourcecode.swift; path = TransactionListView.swift; sourceTree = "<group>"; };
		0787548D24ACBC6D00979C48 /* TransactionListState.swift */ = {isa = PBXFileReference; lastKnownFileType = sourcecode.swift; path = TransactionListState.swift; sourceTree = "<group>"; };
		0787548F24ACBC7E00979C48 /* TransactionListInteractor.swift */ = {isa = PBXFileReference; lastKnownFileType = sourcecode.swift; path = TransactionListInteractor.swift; sourceTree = "<group>"; };
		0787549324ACBEBB00979C48 /* transactions.json */ = {isa = PBXFileReference; fileEncoding = 4; lastKnownFileType = text.json; path = transactions.json; sourceTree = "<group>"; };
		0787549524ACBED400979C48 /* TransactionsAPI.swift */ = {isa = PBXFileReference; fileEncoding = 4; lastKnownFileType = sourcecode.swift; path = TransactionsAPI.swift; sourceTree = "<group>"; };
		0787549824ACBF1C00979C48 /* Models.swift */ = {isa = PBXFileReference; fileEncoding = 4; lastKnownFileType = sourcecode.swift; path = Models.swift; sourceTree = "<group>"; };
		0787549A24AE3D1500979C48 /* TransactionsAPIMock.swift */ = {isa = PBXFileReference; lastKnownFileType = sourcecode.swift; path = TransactionsAPIMock.swift; sourceTree = "<group>"; };
		0787549C24AE4DA900979C48 /* DateFormatter.swift */ = {isa = PBXFileReference; lastKnownFileType = sourcecode.swift; path = DateFormatter.swift; sourceTree = "<group>"; };
		0787549E24AF7E4500979C48 /* ButtonStyle.swift */ = {isa = PBXFileReference; lastKnownFileType = sourcecode.swift; path = ButtonStyle.swift; sourceTree = "<group>"; };
		078754A224AF8BB400979C48 /* TransactionDetailView.swift */ = {isa = PBXFileReference; lastKnownFileType = sourcecode.swift; path = TransactionDetailView.swift; sourceTree = "<group>"; };
		078754A424AF8BC800979C48 /* TransactionDetailState.swift */ = {isa = PBXFileReference; lastKnownFileType = sourcecode.swift; path = TransactionDetailState.swift; sourceTree = "<group>"; };
		078754A624AF8BD500979C48 /* TransactionDetailInteractor.swift */ = {isa = PBXFileReference; lastKnownFileType = sourcecode.swift; path = TransactionDetailInteractor.swift; sourceTree = "<group>"; };
		078754A824AF8D0E00979C48 /* LoadingView.swift */ = {isa = PBXFileReference; lastKnownFileType = sourcecode.swift; path = LoadingView.swift; sourceTree = "<group>"; };
		078754AA24AF8DA200979C48 /* ErrorView.swift */ = {isa = PBXFileReference; lastKnownFileType = sourcecode.swift; path = ErrorView.swift; sourceTree = "<group>"; };
		078754AC24AF8DDC00979C48 /* TransactionListItem.swift */ = {isa = PBXFileReference; lastKnownFileType = sourcecode.swift; path = TransactionListItem.swift; sourceTree = "<group>"; };
		078754AF24AF920300979C48 /* TransactionHelpers.swift */ = {isa = PBXFileReference; lastKnownFileType = sourcecode.swift; path = TransactionHelpers.swift; sourceTree = "<group>"; };
		07A5698F24B21F6D00440CFC /* transactions_mock.json */ = {isa = PBXFileReference; fileEncoding = 4; lastKnownFileType = text.json; path = transactions_mock.json; sourceTree = "<group>"; };
		07A5699324B220E500440CFC /* DateFormatterTests.swift */ = {isa = PBXFileReference; lastKnownFileType = sourcecode.swift; path = DateFormatterTests.swift; sourceTree = "<group>"; };
		07A5699524B2210500440CFC /* ButtonStyleTests.swift */ = {isa = PBXFileReference; lastKnownFileType = sourcecode.swift; path = ButtonStyleTests.swift; sourceTree = "<group>"; };
		07A5699724B2212C00440CFC /* TransactionsAPITests.swift */ = {isa = PBXFileReference; lastKnownFileType = sourcecode.swift; path = TransactionsAPITests.swift; sourceTree = "<group>"; };
		07A5699A24B2215900440CFC /* TransactionsAPIMockTests.swift */ = {isa = PBXFileReference; lastKnownFileType = sourcecode.swift; path = TransactionsAPIMockTests.swift; sourceTree = "<group>"; };
		07A5699C24B221A400440CFC /* TourViewInteractorTests.swift */ = {isa = PBXFileReference; lastKnownFileType = sourcecode.swift; path = TourViewInteractorTests.swift; sourceTree = "<group>"; };
		07A5699E24B221D100440CFC /* TourViewStateTests.swift */ = {isa = PBXFileReference; lastKnownFileType = sourcecode.swift; path = TourViewStateTests.swift; sourceTree = "<group>"; };
		07A569A024B2254400440CFC /* TransactionListInteractorTests.swift */ = {isa = PBXFileReference; lastKnownFileType = sourcecode.swift; path = TransactionListInteractorTests.swift; sourceTree = "<group>"; };
		07A569A224B2256500440CFC /* TransactionListStateTests.swift */ = {isa = PBXFileReference; lastKnownFileType = sourcecode.swift; path = TransactionListStateTests.swift; sourceTree = "<group>"; };
		07A569A424B2258400440CFC /* TransactionDetailInteractorTests.swift */ = {isa = PBXFileReference; lastKnownFileType = sourcecode.swift; path = TransactionDetailInteractorTests.swift; sourceTree = "<group>"; };
		07A569A624B2259D00440CFC /* TransactionDetailStateTests.swift */ = {isa = PBXFileReference; lastKnownFileType = sourcecode.swift; path = TransactionDetailStateTests.swift; sourceTree = "<group>"; };
		07A569A824B225D600440CFC /* AppInteractorTests.swift */ = {isa = PBXFileReference; lastKnownFileType = sourcecode.swift; path = AppInteractorTests.swift; sourceTree = "<group>"; };
		07A569AA24B225EB00440CFC /* AppStateTests.swift */ = {isa = PBXFileReference; lastKnownFileType = sourcecode.swift; path = AppStateTests.swift; sourceTree = "<group>"; };
		07F3C03224A6572200004A21 /* Colors.swift */ = {isa = PBXFileReference; lastKnownFileType = sourcecode.swift; path = Colors.swift; sourceTree = "<group>"; };
		07F3C03424A65C0300004A21 /* TourViewState.swift */ = {isa = PBXFileReference; lastKnownFileType = sourcecode.swift; path = TourViewState.swift; sourceTree = "<group>"; };
		07F3C03924A7BC3800004A21 /* TourViewInteractor.swift */ = {isa = PBXFileReference; lastKnownFileType = sourcecode.swift; path = TourViewInteractor.swift; sourceTree = "<group>"; };
		07F3C03D24A8F21000004A21 /* AppView.swift */ = {isa = PBXFileReference; lastKnownFileType = sourcecode.swift; path = AppView.swift; sourceTree = "<group>"; };
		07F3C03F24A8F26900004A21 /* AppState.swift */ = {isa = PBXFileReference; lastKnownFileType = sourcecode.swift; path = AppState.swift; sourceTree = "<group>"; };
		07F8893D24A5F67100D922B0 /* Trial.app */ = {isa = PBXFileReference; explicitFileType = wrapper.application; includeInIndex = 0; path = Trial.app; sourceTree = BUILT_PRODUCTS_DIR; };
		07F8894024A5F67100D922B0 /* TrialApp.swift */ = {isa = PBXFileReference; lastKnownFileType = sourcecode.swift; path = TrialApp.swift; sourceTree = "<group>"; };
		07F8894224A5F67100D922B0 /* TourView.swift */ = {isa = PBXFileReference; lastKnownFileType = sourcecode.swift; path = TourView.swift; sourceTree = "<group>"; };
		07F8894424A5F67300D922B0 /* Assets.xcassets */ = {isa = PBXFileReference; lastKnownFileType = folder.assetcatalog; path = Assets.xcassets; sourceTree = "<group>"; };
		07F8894724A5F67300D922B0 /* Preview Assets.xcassets */ = {isa = PBXFileReference; lastKnownFileType = folder.assetcatalog; path = "Preview Assets.xcassets"; sourceTree = "<group>"; };
		07F8894924A5F67300D922B0 /* Info.plist */ = {isa = PBXFileReference; lastKnownFileType = text.plist.xml; path = Info.plist; sourceTree = "<group>"; };
		07F8894E24A5F67300D922B0 /* TrialTests.xctest */ = {isa = PBXFileReference; explicitFileType = wrapper.cfbundle; includeInIndex = 0; path = TrialTests.xctest; sourceTree = BUILT_PRODUCTS_DIR; };
		07F8895224A5F67300D922B0 /* TrialTests.swift */ = {isa = PBXFileReference; lastKnownFileType = sourcecode.swift; path = TrialTests.swift; sourceTree = "<group>"; };
		07F8895424A5F67300D922B0 /* Info.plist */ = {isa = PBXFileReference; lastKnownFileType = text.plist.xml; path = Info.plist; sourceTree = "<group>"; };
		07F8895924A5F67300D922B0 /* TrialUITests.xctest */ = {isa = PBXFileReference; explicitFileType = wrapper.cfbundle; includeInIndex = 0; path = TrialUITests.xctest; sourceTree = BUILT_PRODUCTS_DIR; };
		07F8895D24A5F67300D922B0 /* TrialUITests.swift */ = {isa = PBXFileReference; lastKnownFileType = sourcecode.swift; path = TrialUITests.swift; sourceTree = "<group>"; };
		07F8895F24A5F67300D922B0 /* Info.plist */ = {isa = PBXFileReference; lastKnownFileType = text.plist.xml; path = Info.plist; sourceTree = "<group>"; };
/* End PBXFileReference section */

/* Begin PBXFrameworksBuildPhase section */
		07F8893A24A5F67100D922B0 /* Frameworks */ = {
			isa = PBXFrameworksBuildPhase;
			buildActionMask = 2147483647;
			files = (
			);
			runOnlyForDeploymentPostprocessing = 0;
		};
		07F8894B24A5F67300D922B0 /* Frameworks */ = {
			isa = PBXFrameworksBuildPhase;
			buildActionMask = 2147483647;
			files = (
			);
			runOnlyForDeploymentPostprocessing = 0;
		};
		07F8895624A5F67300D922B0 /* Frameworks */ = {
			isa = PBXFrameworksBuildPhase;
			buildActionMask = 2147483647;
			files = (
			);
			runOnlyForDeploymentPostprocessing = 0;
		};
/* End PBXFrameworksBuildPhase section */

/* Begin PBXGroup section */
		076877F424A5F83A00AC07A5 /* TourView */ = {
			isa = PBXGroup;
			children = (
				07F8894224A5F67100D922B0 /* TourView.swift */,
				07F3C03424A65C0300004A21 /* TourViewState.swift */,
				07F3C03924A7BC3800004A21 /* TourViewInteractor.swift */,
				0754038E24AF95E800C84E1B /* InroView.swift */,
			);
			path = TourView;
			sourceTree = "<group>";
		};
		076877F524A5F84800AC07A5 /* Features */ = {
			isa = PBXGroup;
			children = (
				07A5698924B1E1DC00440CFC /* App */,
				076877F624A5F86400AC07A5 /* Onboarding */,
				076877F724A5F87000AC07A5 /* Transactions */,
			);
			path = Features;
			sourceTree = "<group>";
		};
		076877F624A5F86400AC07A5 /* Onboarding */ = {
			isa = PBXGroup;
			children = (
				076877F424A5F83A00AC07A5 /* TourView */,
			);
			path = Onboarding;
			sourceTree = "<group>";
		};
		076877F724A5F87000AC07A5 /* Transactions */ = {
			isa = PBXGroup;
			children = (
				078754AF24AF920300979C48 /* TransactionHelpers.swift */,
				078754A124AF8BA200979C48 /* TransactionDetail */,
				078754A024AF8B9100979C48 /* TransactionList */,
			);
			path = Transactions;
			sourceTree = "<group>";
		};
		076877FA24A6444B00AC07A5 /* Services */ = {
			isa = PBXGroup;
			children = (
				0787549124ACBD7C00979C48 /* NetworkService */,
			);
			path = Services;
			sourceTree = "<group>";
		};
		0787549124ACBD7C00979C48 /* NetworkService */ = {
			isa = PBXGroup;
			children = (
				0787549524ACBED400979C48 /* TransactionsAPI.swift */,
				0787549A24AE3D1500979C48 /* TransactionsAPIMock.swift */,
			);
			path = NetworkService;
			sourceTree = "<group>";
		};
		0787549224ACBDC400979C48 /* Resources */ = {
			isa = PBXGroup;
			children = (
				07F8894924A5F67300D922B0 /* Info.plist */,
				07F8894424A5F67300D922B0 /* Assets.xcassets */,
				0787549324ACBEBB00979C48 /* transactions.json */,
				07A5698F24B21F6D00440CFC /* transactions_mock.json */,
			);
			path = Resources;
			sourceTree = "<group>";
		};
		0787549724ACBEE900979C48 /* Models */ = {
			isa = PBXGroup;
			children = (
				0787549824ACBF1C00979C48 /* Models.swift */,
			);
			path = Models;
			sourceTree = "<group>";
		};
		078754A024AF8B9100979C48 /* TransactionList */ = {
			isa = PBXGroup;
			children = (
				078754AE24AF8DFE00979C48 /* SubViews */,
				076877FD24A64A6600AC07A5 /* TransactionListView.swift */,
				0787548D24ACBC6D00979C48 /* TransactionListState.swift */,
				0787548F24ACBC7E00979C48 /* TransactionListInteractor.swift */,
			);
			path = TransactionList;
			sourceTree = "<group>";
		};
		078754A124AF8BA200979C48 /* TransactionDetail */ = {
			isa = PBXGroup;
			children = (
				078754A224AF8BB400979C48 /* TransactionDetailView.swift */,
				078754A424AF8BC800979C48 /* TransactionDetailState.swift */,
				078754A624AF8BD500979C48 /* TransactionDetailInteractor.swift */,
			);
			path = TransactionDetail;
			sourceTree = "<group>";
		};
		078754AE24AF8DFE00979C48 /* SubViews */ = {
			isa = PBXGroup;
			children = (
				078754A824AF8D0E00979C48 /* LoadingView.swift */,
				078754AA24AF8DA200979C48 /* ErrorView.swift */,
				078754AC24AF8DDC00979C48 /* TransactionListItem.swift */,
			);
			path = SubViews;
			sourceTree = "<group>";
		};
		07A5698424B1E17E00440CFC /* DesignSystem */ = {
			isa = PBXGroup;
			children = (
				07A5699324B220E500440CFC /* DateFormatterTests.swift */,
				07A5699524B2210500440CFC /* ButtonStyleTests.swift */,
			);
			path = DesignSystem;
			sourceTree = "<group>";
		};
		07A5698924B1E1DC00440CFC /* App */ = {
			isa = PBXGroup;
			children = (
				07F3C03D24A8F21000004A21 /* AppView.swift */,
				07F3C03F24A8F26900004A21 /* AppState.swift */,
				076877F824A6444100AC07A5 /* AppInteractor.swift */,
			);
			path = App;
			sourceTree = "<group>";
		};
		07A5698A24B1E21900440CFC /* TourView */ = {
			isa = PBXGroup;
			children = (
				07A5699C24B221A400440CFC /* TourViewInteractorTests.swift */,
				07A5699E24B221D100440CFC /* TourViewStateTests.swift */,
			);
			path = TourView;
			sourceTree = "<group>";
		};
		07A5698B24B1E22100440CFC /* App */ = {
			isa = PBXGroup;
			children = (
				07A569A824B225D600440CFC /* AppInteractorTests.swift */,
				07A569AA24B225EB00440CFC /* AppStateTests.swift */,
			);
			path = App;
			sourceTree = "<group>";
		};
		07A5698C24B1E32500440CFC /* Transactions */ = {
			isa = PBXGroup;
			children = (
				07A5698E24B1E35000440CFC /* TransactionList */,
				07A5698D24B1E34400440CFC /* TransactionDetail */,
			);
			path = Transactions;
			sourceTree = "<group>";
		};
		07A5698D24B1E34400440CFC /* TransactionDetail */ = {
			isa = PBXGroup;
			children = (
				07A569A424B2258400440CFC /* TransactionDetailInteractorTests.swift */,
				07A569A624B2259D00440CFC /* TransactionDetailStateTests.swift */,
			);
			path = TransactionDetail;
			sourceTree = "<group>";
		};
		07A5698E24B1E35000440CFC /* TransactionList */ = {
			isa = PBXGroup;
			children = (
				07A569A024B2254400440CFC /* TransactionListInteractorTests.swift */,
				07A569A224B2256500440CFC /* TransactionListStateTests.swift */,
			);
			path = TransactionList;
			sourceTree = "<group>";
		};
		07A5699924B2213100440CFC /* NetworkService */ = {
			isa = PBXGroup;
			children = (
				07A5699724B2212C00440CFC /* TransactionsAPITests.swift */,
				07A5699A24B2215900440CFC /* TransactionsAPIMockTests.swift */,
			);
			path = NetworkService;
			sourceTree = "<group>";
		};
		07F3C02B24A64C9E00004A21 /* Services */ = {
			isa = PBXGroup;
			children = (
				07A5699924B2213100440CFC /* NetworkService */,
			);
			path = Services;
			sourceTree = "<group>";
		};
		07F3C02C24A64CA400004A21 /* Features */ = {
			isa = PBXGroup;
			children = (
				07A5698B24B1E22100440CFC /* App */,
				07F3C02D24A64CAE00004A21 /* Onboarding */,
				07A5698C24B1E32500440CFC /* Transactions */,
			);
			path = Features;
			sourceTree = "<group>";
		};
		07F3C02D24A64CAE00004A21 /* Onboarding */ = {
			isa = PBXGroup;
			children = (
				07A5698A24B1E21900440CFC /* TourView */,
			);
			path = Onboarding;
			sourceTree = "<group>";
		};
		07F3C03124A6570E00004A21 /* DesignSystem */ = {
			isa = PBXGroup;
			children = (
				07F3C03224A6572200004A21 /* Colors.swift */,
				0787549C24AE4DA900979C48 /* DateFormatter.swift */,
				0787549E24AF7E4500979C48 /* ButtonStyle.swift */,
			);
			path = DesignSystem;
			sourceTree = "<group>";
		};
		07F8893424A5F67100D922B0 = {
			isa = PBXGroup;
			children = (
				07F8893F24A5F67100D922B0 /* Trial */,
				07F8895124A5F67300D922B0 /* TrialTests */,
				07F8895C24A5F67300D922B0 /* TrialUITests */,
				07F8893E24A5F67100D922B0 /* Products */,
			);
			sourceTree = "<group>";
		};
		07F8893E24A5F67100D922B0 /* Products */ = {
			isa = PBXGroup;
			children = (
				07F8893D24A5F67100D922B0 /* Trial.app */,
				07F8894E24A5F67300D922B0 /* TrialTests.xctest */,
				07F8895924A5F67300D922B0 /* TrialUITests.xctest */,
			);
			name = Products;
			sourceTree = "<group>";
		};
		07F8893F24A5F67100D922B0 /* Trial */ = {
			isa = PBXGroup;
			children = (
				07F8894024A5F67100D922B0 /* TrialApp.swift */,
				0787549724ACBEE900979C48 /* Models */,
				0787549224ACBDC400979C48 /* Resources */,
				07F3C03124A6570E00004A21 /* DesignSystem */,
				076877FA24A6444B00AC07A5 /* Services */,
				076877F524A5F84800AC07A5 /* Features */,
				07F8894624A5F67300D922B0 /* Preview Content */,
			);
			path = Trial;
			sourceTree = "<group>";
		};
		07F8894624A5F67300D922B0 /* Preview Content */ = {
			isa = PBXGroup;
			children = (
				07F8894724A5F67300D922B0 /* Preview Assets.xcassets */,
			);
			path = "Preview Content";
			sourceTree = "<group>";
		};
		07F8895124A5F67300D922B0 /* TrialTests */ = {
			isa = PBXGroup;
			children = (
				07A5698424B1E17E00440CFC /* DesignSystem */,
				07F3C02B24A64C9E00004A21 /* Services */,
				07F3C02C24A64CA400004A21 /* Features */,
				07F8895224A5F67300D922B0 /* TrialTests.swift */,
				07F8895424A5F67300D922B0 /* Info.plist */,
			);
			path = TrialTests;
			sourceTree = "<group>";
		};
		07F8895C24A5F67300D922B0 /* TrialUITests */ = {
			isa = PBXGroup;
			children = (
				07F8895D24A5F67300D922B0 /* TrialUITests.swift */,
				07F8895F24A5F67300D922B0 /* Info.plist */,
			);
			path = TrialUITests;
			sourceTree = "<group>";
		};
/* End PBXGroup section */

/* Begin PBXNativeTarget section */
		07F8893C24A5F67100D922B0 /* Trial */ = {
			isa = PBXNativeTarget;
			buildConfigurationList = 07F8896224A5F67300D922B0 /* Build configuration list for PBXNativeTarget "Trial" */;
			buildPhases = (
				07F8893924A5F67100D922B0 /* Sources */,
				07F8893A24A5F67100D922B0 /* Frameworks */,
				07F8893B24A5F67100D922B0 /* Resources */,
				076877FC24A6451200AC07A5 /* SwiftLint */,
			);
			buildRules = (
			);
			dependencies = (
			);
			name = Trial;
			productName = Trial;
			productReference = 07F8893D24A5F67100D922B0 /* Trial.app */;
			productType = "com.apple.product-type.application";
		};
		07F8894D24A5F67300D922B0 /* TrialTests */ = {
			isa = PBXNativeTarget;
			buildConfigurationList = 07F8896524A5F67300D922B0 /* Build configuration list for PBXNativeTarget "TrialTests" */;
			buildPhases = (
				07F8894A24A5F67300D922B0 /* Sources */,
				07F8894B24A5F67300D922B0 /* Frameworks */,
				07F8894C24A5F67300D922B0 /* Resources */,
			);
			buildRules = (
			);
			dependencies = (
				07F8895024A5F67300D922B0 /* PBXTargetDependency */,
			);
			name = TrialTests;
			productName = TrialTests;
			productReference = 07F8894E24A5F67300D922B0 /* TrialTests.xctest */;
			productType = "com.apple.product-type.bundle.unit-test";
		};
		07F8895824A5F67300D922B0 /* TrialUITests */ = {
			isa = PBXNativeTarget;
			buildConfigurationList = 07F8896824A5F67300D922B0 /* Build configuration list for PBXNativeTarget "TrialUITests" */;
			buildPhases = (
				07F8895524A5F67300D922B0 /* Sources */,
				07F8895624A5F67300D922B0 /* Frameworks */,
				07F8895724A5F67300D922B0 /* Resources */,
			);
			buildRules = (
			);
			dependencies = (
				07F8895B24A5F67300D922B0 /* PBXTargetDependency */,
			);
			name = TrialUITests;
			productName = TrialUITests;
			productReference = 07F8895924A5F67300D922B0 /* TrialUITests.xctest */;
			productType = "com.apple.product-type.bundle.ui-testing";
		};
/* End PBXNativeTarget section */

/* Begin PBXProject section */
		07F8893524A5F67100D922B0 /* Project object */ = {
			isa = PBXProject;
			attributes = {
				LastSwiftUpdateCheck = 1200;
				LastUpgradeCheck = 1200;
				TargetAttributes = {
					07F8893C24A5F67100D922B0 = {
						CreatedOnToolsVersion = 12.0;
					};
					07F8894D24A5F67300D922B0 = {
						CreatedOnToolsVersion = 12.0;
						TestTargetID = 07F8893C24A5F67100D922B0;
					};
					07F8895824A5F67300D922B0 = {
						CreatedOnToolsVersion = 12.0;
						TestTargetID = 07F8893C24A5F67100D922B0;
					};
				};
			};
			buildConfigurationList = 07F8893824A5F67100D922B0 /* Build configuration list for PBXProject "Trial" */;
			compatibilityVersion = "Xcode 9.3";
			developmentRegion = en;
			hasScannedForEncodings = 0;
			knownRegions = (
				en,
				Base,
			);
			mainGroup = 07F8893424A5F67100D922B0;
			productRefGroup = 07F8893E24A5F67100D922B0 /* Products */;
			projectDirPath = "";
			projectRoot = "";
			targets = (
				07F8893C24A5F67100D922B0 /* Trial */,
				07F8894D24A5F67300D922B0 /* TrialTests */,
				07F8895824A5F67300D922B0 /* TrialUITests */,
			);
		};
/* End PBXProject section */

/* Begin PBXResourcesBuildPhase section */
		07F8893B24A5F67100D922B0 /* Resources */ = {
			isa = PBXResourcesBuildPhase;
			buildActionMask = 2147483647;
			files = (
				07A5699024B21F6D00440CFC /* transactions_mock.json in Resources */,
				0787549424ACBEBB00979C48 /* transactions.json in Resources */,
				07F8894824A5F67300D922B0 /* Preview Assets.xcassets in Resources */,
				07F8894524A5F67300D922B0 /* Assets.xcassets in Resources */,
			);
			runOnlyForDeploymentPostprocessing = 0;
		};
		07F8894C24A5F67300D922B0 /* Resources */ = {
			isa = PBXResourcesBuildPhase;
			buildActionMask = 2147483647;
			files = (
			);
			runOnlyForDeploymentPostprocessing = 0;
		};
		07F8895724A5F67300D922B0 /* Resources */ = {
			isa = PBXResourcesBuildPhase;
			buildActionMask = 2147483647;
			files = (
			);
			runOnlyForDeploymentPostprocessing = 0;
		};
/* End PBXResourcesBuildPhase section */

/* Begin PBXShellScriptBuildPhase section */
		076877FC24A6451200AC07A5 /* SwiftLint */ = {
			isa = PBXShellScriptBuildPhase;
			buildActionMask = 2147483647;
			files = (
			);
			inputFileListPaths = (
			);
			inputPaths = (
			);
			name = SwiftLint;
			outputFileListPaths = (
			);
			outputPaths = (
			);
			runOnlyForDeploymentPostprocessing = 0;
			shellPath = /bin/sh;
			shellScript = "if which swiftlint >/dev/null; then\n  swiftlint\nelse\n  echo \"warning: SwiftLint not installed, download from https://github.com/realm/SwiftLint\"\nfi\n";
		};
/* End PBXShellScriptBuildPhase section */

/* Begin PBXSourcesBuildPhase section */
		07F8893924A5F67100D922B0 /* Sources */ = {
			isa = PBXSourcesBuildPhase;
			buildActionMask = 2147483647;
			files = (
				07F3C04024A8F26900004A21 /* AppState.swift in Sources */,
				0787549924ACBF1C00979C48 /* Models.swift in Sources */,
				0787549024ACBC7E00979C48 /* TransactionListInteractor.swift in Sources */,
				07F3C03E24A8F21000004A21 /* AppView.swift in Sources */,
				0754038F24AF95E800C84E1B /* InroView.swift in Sources */,
				078754AB24AF8DA200979C48 /* ErrorView.swift in Sources */,
				0787549624ACBED400979C48 /* TransactionsAPI.swift in Sources */,
				07F8894324A5F67100D922B0 /* TourView.swift in Sources */,
				07F3C03324A6572200004A21 /* Colors.swift in Sources */,
				078754B024AF920300979C48 /* TransactionHelpers.swift in Sources */,
				07F8894124A5F67100D922B0 /* TrialApp.swift in Sources */,
				07F3C03A24A7BC3800004A21 /* TourViewInteractor.swift in Sources */,
				078754A724AF8BD500979C48 /* TransactionDetailInteractor.swift in Sources */,
				078754AD24AF8DDC00979C48 /* TransactionListItem.swift in Sources */,
				0787549F24AF7E4500979C48 /* ButtonStyle.swift in Sources */,
				0787549D24AE4DA900979C48 /* DateFormatter.swift in Sources */,
				0787549B24AE3D1500979C48 /* TransactionsAPIMock.swift in Sources */,
				078754A924AF8D0E00979C48 /* LoadingView.swift in Sources */,
				078754A324AF8BB400979C48 /* TransactionDetailView.swift in Sources */,
				078754A524AF8BC800979C48 /* TransactionDetailState.swift in Sources */,
				076877FE24A64A6600AC07A5 /* TransactionListView.swift in Sources */,
				076877F924A6444100AC07A5 /* AppInteractor.swift in Sources */,
				0787548E24ACBC6D00979C48 /* TransactionListState.swift in Sources */,
				07F3C03524A65C0300004A21 /* TourViewState.swift in Sources */,
			);
			runOnlyForDeploymentPostprocessing = 0;
		};
		07F8894A24A5F67300D922B0 /* Sources */ = {
			isa = PBXSourcesBuildPhase;
			buildActionMask = 2147483647;
			files = (
				07A569A724B2259E00440CFC /* TransactionDetailStateTests.swift in Sources */,
				07A569A324B2256500440CFC /* TransactionListStateTests.swift in Sources */,
				07A569A924B225D600440CFC /* AppInteractorTests.swift in Sources */,
				07A5699B24B2215900440CFC /* TransactionsAPIMockTests.swift in Sources */,
				07A5699F24B221D100440CFC /* TourViewStateTests.swift in Sources */,
				07A5699D24B221A400440CFC /* TourViewInteractorTests.swift in Sources */,
				07A569AB24B225EB00440CFC /* AppStateTests.swift in Sources */,
				07A569A524B2258400440CFC /* TransactionDetailInteractorTests.swift in Sources */,
				07A5699624B2210500440CFC /* ButtonStyleTests.swift in Sources */,
				07A5699424B220E500440CFC /* DateFormatterTests.swift in Sources */,
				07F8895324A5F67300D922B0 /* TrialTests.swift in Sources */,
				07A5699824B2212C00440CFC /* TransactionsAPITests.swift in Sources */,
				07A569A124B2254400440CFC /* TransactionListInteractorTests.swift in Sources */,
			);
			runOnlyForDeploymentPostprocessing = 0;
		};
		07F8895524A5F67300D922B0 /* Sources */ = {
			isa = PBXSourcesBuildPhase;
			buildActionMask = 2147483647;
			files = (
				07F8895E24A5F67300D922B0 /* TrialUITests.swift in Sources */,
			);
			runOnlyForDeploymentPostprocessing = 0;
		};
/* End PBXSourcesBuildPhase section */

/* Begin PBXTargetDependency section */
		07F8895024A5F67300D922B0 /* PBXTargetDependency */ = {
			isa = PBXTargetDependency;
			target = 07F8893C24A5F67100D922B0 /* Trial */;
			targetProxy = 07F8894F24A5F67300D922B0 /* PBXContainerItemProxy */;
		};
		07F8895B24A5F67300D922B0 /* PBXTargetDependency */ = {
			isa = PBXTargetDependency;
			target = 07F8893C24A5F67100D922B0 /* Trial */;
			targetProxy = 07F8895A24A5F67300D922B0 /* PBXContainerItemProxy */;
		};
/* End PBXTargetDependency section */

/* Begin XCBuildConfiguration section */
		07F8896024A5F67300D922B0 /* Debug */ = {
			isa = XCBuildConfiguration;
			buildSettings = {
				ALWAYS_SEARCH_USER_PATHS = NO;
				CLANG_ANALYZER_NONNULL = YES;
				CLANG_ANALYZER_NUMBER_OBJECT_CONVERSION = YES_AGGRESSIVE;
				CLANG_CXX_LANGUAGE_STANDARD = "gnu++14";
				CLANG_CXX_LIBRARY = "libc++";
				CLANG_ENABLE_MODULES = YES;
				CLANG_ENABLE_OBJC_ARC = YES;
				CLANG_ENABLE_OBJC_WEAK = YES;
				CLANG_WARN_BLOCK_CAPTURE_AUTORELEASING = YES;
				CLANG_WARN_BOOL_CONVERSION = YES;
				CLANG_WARN_COMMA = YES;
				CLANG_WARN_CONSTANT_CONVERSION = YES;
				CLANG_WARN_DEPRECATED_OBJC_IMPLEMENTATIONS = YES;
				CLANG_WARN_DIRECT_OBJC_ISA_USAGE = YES_ERROR;
				CLANG_WARN_DOCUMENTATION_COMMENTS = YES;
				CLANG_WARN_EMPTY_BODY = YES;
				CLANG_WARN_ENUM_CONVERSION = YES;
				CLANG_WARN_INFINITE_RECURSION = YES;
				CLANG_WARN_INT_CONVERSION = YES;
				CLANG_WARN_NON_LITERAL_NULL_CONVERSION = YES;
				CLANG_WARN_OBJC_IMPLICIT_RETAIN_SELF = YES;
				CLANG_WARN_OBJC_LITERAL_CONVERSION = YES;
				CLANG_WARN_OBJC_ROOT_CLASS = YES_ERROR;
				CLANG_WARN_QUOTED_INCLUDE_IN_FRAMEWORK_HEADER = YES;
				CLANG_WARN_RANGE_LOOP_ANALYSIS = YES;
				CLANG_WARN_STRICT_PROTOTYPES = YES;
				CLANG_WARN_SUSPICIOUS_MOVE = YES;
				CLANG_WARN_UNGUARDED_AVAILABILITY = YES_AGGRESSIVE;
				CLANG_WARN_UNREACHABLE_CODE = YES;
				CLANG_WARN__DUPLICATE_METHOD_MATCH = YES;
				COPY_PHASE_STRIP = NO;
				DEBUG_INFORMATION_FORMAT = dwarf;
				ENABLE_STRICT_OBJC_MSGSEND = YES;
				ENABLE_TESTABILITY = YES;
				GCC_C_LANGUAGE_STANDARD = gnu11;
				GCC_DYNAMIC_NO_PIC = NO;
				GCC_NO_COMMON_BLOCKS = YES;
				GCC_OPTIMIZATION_LEVEL = 0;
				GCC_PREPROCESSOR_DEFINITIONS = (
					"DEBUG=1",
					"$(inherited)",
				);
				GCC_WARN_64_TO_32_BIT_CONVERSION = YES;
				GCC_WARN_ABOUT_RETURN_TYPE = YES_ERROR;
				GCC_WARN_UNDECLARED_SELECTOR = YES;
				GCC_WARN_UNINITIALIZED_AUTOS = YES_AGGRESSIVE;
				GCC_WARN_UNUSED_FUNCTION = YES;
				GCC_WARN_UNUSED_VARIABLE = YES;
				IPHONEOS_DEPLOYMENT_TARGET = 14.0;
				MTL_ENABLE_DEBUG_INFO = INCLUDE_SOURCE;
				MTL_FAST_MATH = YES;
				ONLY_ACTIVE_ARCH = YES;
				SDKROOT = iphoneos;
				SWIFT_ACTIVE_COMPILATION_CONDITIONS = DEBUG;
				SWIFT_OPTIMIZATION_LEVEL = "-Onone";
			};
			name = Debug;
		};
		07F8896124A5F67300D922B0 /* Release */ = {
			isa = XCBuildConfiguration;
			buildSettings = {
				ALWAYS_SEARCH_USER_PATHS = NO;
				CLANG_ANALYZER_NONNULL = YES;
				CLANG_ANALYZER_NUMBER_OBJECT_CONVERSION = YES_AGGRESSIVE;
				CLANG_CXX_LANGUAGE_STANDARD = "gnu++14";
				CLANG_CXX_LIBRARY = "libc++";
				CLANG_ENABLE_MODULES = YES;
				CLANG_ENABLE_OBJC_ARC = YES;
				CLANG_ENABLE_OBJC_WEAK = YES;
				CLANG_WARN_BLOCK_CAPTURE_AUTORELEASING = YES;
				CLANG_WARN_BOOL_CONVERSION = YES;
				CLANG_WARN_COMMA = YES;
				CLANG_WARN_CONSTANT_CONVERSION = YES;
				CLANG_WARN_DEPRECATED_OBJC_IMPLEMENTATIONS = YES;
				CLANG_WARN_DIRECT_OBJC_ISA_USAGE = YES_ERROR;
				CLANG_WARN_DOCUMENTATION_COMMENTS = YES;
				CLANG_WARN_EMPTY_BODY = YES;
				CLANG_WARN_ENUM_CONVERSION = YES;
				CLANG_WARN_INFINITE_RECURSION = YES;
				CLANG_WARN_INT_CONVERSION = YES;
				CLANG_WARN_NON_LITERAL_NULL_CONVERSION = YES;
				CLANG_WARN_OBJC_IMPLICIT_RETAIN_SELF = YES;
				CLANG_WARN_OBJC_LITERAL_CONVERSION = YES;
				CLANG_WARN_OBJC_ROOT_CLASS = YES_ERROR;
				CLANG_WARN_QUOTED_INCLUDE_IN_FRAMEWORK_HEADER = YES;
				CLANG_WARN_RANGE_LOOP_ANALYSIS = YES;
				CLANG_WARN_STRICT_PROTOTYPES = YES;
				CLANG_WARN_SUSPICIOUS_MOVE = YES;
				CLANG_WARN_UNGUARDED_AVAILABILITY = YES_AGGRESSIVE;
				CLANG_WARN_UNREACHABLE_CODE = YES;
				CLANG_WARN__DUPLICATE_METHOD_MATCH = YES;
				COPY_PHASE_STRIP = NO;
				DEBUG_INFORMATION_FORMAT = "dwarf-with-dsym";
				ENABLE_NS_ASSERTIONS = NO;
				ENABLE_STRICT_OBJC_MSGSEND = YES;
				GCC_C_LANGUAGE_STANDARD = gnu11;
				GCC_NO_COMMON_BLOCKS = YES;
				GCC_WARN_64_TO_32_BIT_CONVERSION = YES;
				GCC_WARN_ABOUT_RETURN_TYPE = YES_ERROR;
				GCC_WARN_UNDECLARED_SELECTOR = YES;
				GCC_WARN_UNINITIALIZED_AUTOS = YES_AGGRESSIVE;
				GCC_WARN_UNUSED_FUNCTION = YES;
				GCC_WARN_UNUSED_VARIABLE = YES;
				IPHONEOS_DEPLOYMENT_TARGET = 14.0;
				MTL_ENABLE_DEBUG_INFO = NO;
				MTL_FAST_MATH = YES;
				SDKROOT = iphoneos;
				SWIFT_COMPILATION_MODE = wholemodule;
				SWIFT_OPTIMIZATION_LEVEL = "-O";
				VALIDATE_PRODUCT = YES;
			};
			name = Release;
		};
		07F8896324A5F67300D922B0 /* Debug */ = {
			isa = XCBuildConfiguration;
			buildSettings = {
				ASSETCATALOG_COMPILER_APPICON_NAME = AppIcon;
				ASSETCATALOG_COMPILER_GLOBAL_ACCENT_COLOR_NAME = AccentColor;
				CODE_SIGN_STYLE = Automatic;
				DEVELOPMENT_ASSET_PATHS = "\"Trial/Preview Content\"";
				DEVELOPMENT_TEAM = T6Q7S6NTH9;
				ENABLE_PREVIEWS = YES;
				INFOPLIST_FILE = Trial/Resources/Info.plist;
				IPHONEOS_DEPLOYMENT_TARGET = 14.0;
				LD_RUNPATH_SEARCH_PATHS = (
					"$(inherited)",
					"@executable_path/Frameworks",
				);
				PRODUCT_BUNDLE_IDENTIFIER = at.beeone.Trial;
				PRODUCT_NAME = "$(TARGET_NAME)";
				SWIFT_VERSION = 5.0;
				TARGETED_DEVICE_FAMILY = "1,2";
			};
			name = Debug;
		};
		07F8896424A5F67300D922B0 /* Release */ = {
			isa = XCBuildConfiguration;
			buildSettings = {
				ASSETCATALOG_COMPILER_APPICON_NAME = AppIcon;
				ASSETCATALOG_COMPILER_GLOBAL_ACCENT_COLOR_NAME = AccentColor;
				CODE_SIGN_STYLE = Automatic;
				DEVELOPMENT_ASSET_PATHS = "\"Trial/Preview Content\"";
				DEVELOPMENT_TEAM = T6Q7S6NTH9;
				ENABLE_PREVIEWS = YES;
				INFOPLIST_FILE = Trial/Resources/Info.plist;
				IPHONEOS_DEPLOYMENT_TARGET = 14.0;
				LD_RUNPATH_SEARCH_PATHS = (
					"$(inherited)",
					"@executable_path/Frameworks",
				);
				PRODUCT_BUNDLE_IDENTIFIER = at.beeone.Trial;
				PRODUCT_NAME = "$(TARGET_NAME)";
				SWIFT_VERSION = 5.0;
				TARGETED_DEVICE_FAMILY = "1,2";
			};
			name = Release;
		};
		07F8896624A5F67300D922B0 /* Debug */ = {
			isa = XCBuildConfiguration;
			buildSettings = {
				ALWAYS_EMBED_SWIFT_STANDARD_LIBRARIES = YES;
				BUNDLE_LOADER = "$(TEST_HOST)";
				CODE_SIGN_STYLE = Automatic;
				DEVELOPMENT_TEAM = T6Q7S6NTH9;
				INFOPLIST_FILE = TrialTests/Info.plist;
				IPHONEOS_DEPLOYMENT_TARGET = 14.0;
				LD_RUNPATH_SEARCH_PATHS = (
					"$(inherited)",
					"@executable_path/Frameworks",
					"@loader_path/Frameworks",
				);
				PRODUCT_BUNDLE_IDENTIFIER = at.beeone.TrialTests;
				PRODUCT_NAME = "$(TARGET_NAME)";
				SWIFT_VERSION = 5.0;
				TARGETED_DEVICE_FAMILY = "1,2";
				TEST_HOST = "$(BUILT_PRODUCTS_DIR)/Trial.app/Trial";
			};
			name = Debug;
		};
		07F8896724A5F67300D922B0 /* Release */ = {
			isa = XCBuildConfiguration;
			buildSettings = {
				ALWAYS_EMBED_SWIFT_STANDARD_LIBRARIES = YES;
				BUNDLE_LOADER = "$(TEST_HOST)";
				CODE_SIGN_STYLE = Automatic;
				DEVELOPMENT_TEAM = T6Q7S6NTH9;
				INFOPLIST_FILE = TrialTests/Info.plist;
				IPHONEOS_DEPLOYMENT_TARGET = 14.0;
				LD_RUNPATH_SEARCH_PATHS = (
					"$(inherited)",
					"@executable_path/Frameworks",
					"@loader_path/Frameworks",
				);
				PRODUCT_BUNDLE_IDENTIFIER = at.beeone.TrialTests;
				PRODUCT_NAME = "$(TARGET_NAME)";
				SWIFT_VERSION = 5.0;
				TARGETED_DEVICE_FAMILY = "1,2";
				TEST_HOST = "$(BUILT_PRODUCTS_DIR)/Trial.app/Trial";
			};
			name = Release;
		};
		07F8896924A5F67300D922B0 /* Debug */ = {
			isa = XCBuildConfiguration;
			buildSettings = {
				ALWAYS_EMBED_SWIFT_STANDARD_LIBRARIES = YES;
				CODE_SIGN_STYLE = Automatic;
				DEVELOPMENT_TEAM = T6Q7S6NTH9;
				INFOPLIST_FILE = TrialUITests/Info.plist;
				LD_RUNPATH_SEARCH_PATHS = (
					"$(inherited)",
					"@executable_path/Frameworks",
					"@loader_path/Frameworks",
				);
				PRODUCT_BUNDLE_IDENTIFIER = at.beeone.TrialUITests;
				PRODUCT_NAME = "$(TARGET_NAME)";
				SWIFT_VERSION = 5.0;
				TARGETED_DEVICE_FAMILY = "1,2";
				TEST_TARGET_NAME = Trial;
			};
			name = Debug;
		};
		07F8896A24A5F67300D922B0 /* Release */ = {
			isa = XCBuildConfiguration;
			buildSettings = {
				ALWAYS_EMBED_SWIFT_STANDARD_LIBRARIES = YES;
				CODE_SIGN_STYLE = Automatic;
				DEVELOPMENT_TEAM = T6Q7S6NTH9;
				INFOPLIST_FILE = TrialUITests/Info.plist;
				LD_RUNPATH_SEARCH_PATHS = (
					"$(inherited)",
					"@executable_path/Frameworks",
					"@loader_path/Frameworks",
				);
				PRODUCT_BUNDLE_IDENTIFIER = at.beeone.TrialUITests;
				PRODUCT_NAME = "$(TARGET_NAME)";
				SWIFT_VERSION = 5.0;
				TARGETED_DEVICE_FAMILY = "1,2";
				TEST_TARGET_NAME = Trial;
			};
			name = Release;
		};
/* End XCBuildConfiguration section */

/* Begin XCConfigurationList section */
		07F8893824A5F67100D922B0 /* Build configuration list for PBXProject "Trial" */ = {
			isa = XCConfigurationList;
			buildConfigurations = (
				07F8896024A5F67300D922B0 /* Debug */,
				07F8896124A5F67300D922B0 /* Release */,
			);
			defaultConfigurationIsVisible = 0;
			defaultConfigurationName = Release;
		};
		07F8896224A5F67300D922B0 /* Build configuration list for PBXNativeTarget "Trial" */ = {
			isa = XCConfigurationList;
			buildConfigurations = (
				07F8896324A5F67300D922B0 /* Debug */,
				07F8896424A5F67300D922B0 /* Release */,
			);
			defaultConfigurationIsVisible = 0;
			defaultConfigurationName = Release;
		};
		07F8896524A5F67300D922B0 /* Build configuration list for PBXNativeTarget "TrialTests" */ = {
			isa = XCConfigurationList;
			buildConfigurations = (
				07F8896624A5F67300D922B0 /* Debug */,
				07F8896724A5F67300D922B0 /* Release */,
			);
			defaultConfigurationIsVisible = 0;
			defaultConfigurationName = Release;
		};
		07F8896824A5F67300D922B0 /* Build configuration list for PBXNativeTarget "TrialUITests" */ = {
			isa = XCConfigurationList;
			buildConfigurations = (
				07F8896924A5F67300D922B0 /* Debug */,
				07F8896A24A5F67300D922B0 /* Release */,
			);
			defaultConfigurationIsVisible = 0;
			defaultConfigurationName = Release;
		};
/* End XCConfigurationList section */
	};
	rootObject = 07F8893524A5F67100D922B0 /* Project object */;
}
